{
  "name": "ssssssssssssssssssssssssuka",
  "version": "1.0.0",
  "lockfileVersion": 3,
  "requires": true,
  "packages": {
    "": {
      "name": "ssssssssssssssssssssssssuka",
      "version": "1.0.0",
      "license": "ISC",
      "dependencies": {
        "ddbot.js-0374": "^3.2.1",
        "ddmaster": "^2.3.0",
        "franc": "^6.2.0",
        "loger0374": "^0.4.1"
      }
    },
    "node_modules/ansi-styles": {
      "version": "4.3.0",
      "resolved": "https://registry.npmjs.org/ansi-styles/-/ansi-styles-4.3.0.tgz",
      "integrity": "sha512-zbB9rCJAT1rbjiVDb2hqKFHNYLxgtk8NURxZ3IZwD3F6NtxbXZQCnnSi1Lkx+IDohdPlFp222wVALIheZJQSEg==",
      "license": "MIT",
      "dependencies": {
        "color-convert": "^2.0.1"
      },
      "engines": {
        "node": ">=8"
      },
      "funding": {
        "url": "https://github.com/chalk/ansi-styles?sponsor=1"
      }
    },
    "node_modules/chalk": {
      "version": "4.1.2",
      "resolved": "https://registry.npmjs.org/chalk/-/chalk-4.1.2.tgz",
      "integrity": "sha512-oKnbhFyRIXpUuez8iBMmyEa4nbj4IOQyuhc/wy9kY7/WVPcwIO9VA668Pu8RkO7+0G76SLROeyw9CpQ061i4mA==",
      "license": "MIT",
      "dependencies": {
        "ansi-styles": "^4.1.0",
        "supports-color": "^7.1.0"
      },
      "engines": {
        "node": ">=10"
      },
      "funding": {
        "url": "https://github.com/chalk/chalk?sponsor=1"
      }
    },
    "node_modules/collapse-white-space": {
      "version": "2.1.0",
      "resolved": "https://registry.npmjs.org/collapse-white-space/-/collapse-white-space-2.1.0.tgz",
      "integrity": "sha512-loKTxY1zCOuG4j9f6EPnuyyYkf58RnhhWTvRoZEokgB+WbdXehfjFviyOVYkqzEWz1Q5kRiZdBYS5SwxbQYwzw==",
      "license": "MIT",
      "funding": {
        "type": "github",
        "url": "https://github.com/sponsors/wooorm"
      }
    },
    "node_modules/color-convert": {
      "version": "2.0.1",
      "resolved": "https://registry.npmjs.org/color-convert/-/color-convert-2.0.1.tgz",
      "integrity": "sha512-RRECPsj7iu/xb5oKYcsFHSppFNnsj/52OVTRKb4zP5onXwVF3zVmmToNcOfGC+CRDpfK/U584fMg38ZHCaElKQ==",
      "license": "MIT",
      "dependencies": {
        "color-name": "~1.1.4"
      },
      "engines": {
        "node": ">=7.0.0"
      }
    },
    "node_modules/color-name": {
      "version": "1.1.4",
      "resolved": "https://registry.npmjs.org/color-name/-/color-name-1.1.4.tgz",
      "integrity": "sha512-dOy+3AuW3a2wNbZHIuMZpTcgjGuLU/uBL/ubcZF9OXbDo8ff4O8yVp5Bf0efS8uEoYo5q4Fx7dY9OgQGXgAsQA==",
      "license": "MIT"
    },
    "node_modules/ddbot.js-0374": {
      "version": "3.2.5",
      "resolved": "https://registry.npmjs.org/ddbot.js-0374/-/ddbot.js-0374-3.2.5.tgz",
      "integrity": "sha512-DOpyRbXFwhFQu0sVfC0Ht65ObuVN2HtzqfRymXH37exPw8WUt8KQ5YB7IrTluArLsDnVLdF6IuzE55+nZo+K4w==",
      "license": "MIT",
      "dependencies": {
        "chalk": "^4.1.2",
        "loger0374": "^0.4.1",
        "teeworlds": "^2.5.11"
      }
    },
    "node_modules/ddmaster": {
      "version": "2.5.0",
      "resolved": "https://registry.npmjs.org/ddmaster/-/ddmaster-2.5.0.tgz",
      "integrity": "sha512-C9m+fmG6wo1wiAlrvrR/XxyDFPKR+TAZvxM15QknAcxjv9HgqJNYIgkZdPdnGGF673EwiC1PhbLiyEHOoT8zEA==",
      "license": "MIT",
      "dependencies": {
        "loger0374": "^0.2.0"
      }
    },
    "node_modules/ddmaster/node_modules/loger0374": {
      "version": "0.2.0",
      "resolved": "https://registry.npmjs.org/loger0374/-/loger0374-0.2.0.tgz",
      "integrity": "sha512-9V+GwAi0sxtgS9XMV1ZK1Q5qf7Ir3huxxu+7BK9xvNNjHUOOLGqSNxeDUabV4a7pvYsh2KJU4i7LSlxH+mAyZQ==",
      "license": "MIT",
      "dependencies": {
        "chalk": "^4.1.2"
      }
    },
    "node_modules/franc": {
      "version": "6.2.0",
      "resolved": "https://registry.npmjs.org/franc/-/franc-6.2.0.tgz",
      "integrity": "sha512-rcAewP7PSHvjq7Kgd7dhj82zE071kX5B4W1M4ewYMf/P+i6YsDQmj62Xz3VQm9zyUzUXwhIde/wHLGCMrM+yGg==",
      "license": "MIT",
      "dependencies": {
        "trigram-utils": "^2.0.0"
      },
      "funding": {
        "type": "github",
        "url": "https://github.com/sponsors/wooorm"
      }
    },
    "node_modules/has-flag": {
      "version": "4.0.0",
      "resolved": "https://registry.npmjs.org/has-flag/-/has-flag-4.0.0.tgz",
      "integrity": "sha512-EykJT/Q1KjTWctppgIAgfSO0tKVuZUjhgMr17kqTumMl6Afv3EISleU7qZUzoXDFTAHTDC4NOoG/ZxU3EvlMPQ==",
      "license": "MIT",
      "engines": {
        "node": ">=8"
      }
    },
    "node_modules/loger0374": {
      "version": "0.4.1",
      "resolved": "https://registry.npmjs.org/loger0374/-/loger0374-0.4.1.tgz",
      "integrity": "sha512-B7Q91kih4/BYjSmIDt2tBoUJH2nQfcKxlGDJV7fn+Pf9ksoOahkd5L2WTKGd3a5FlsO02l7RePUN8Lg3n6dqpw==",
      "license": "MIT",
      "dependencies": {
        "chalk": "^4.1.2"
      }
    },
    "node_modules/n-gram": {
      "version": "2.0.2",
      "resolved": "https://registry.npmjs.org/n-gram/-/n-gram-2.0.2.tgz",
      "integrity": "sha512-S24aGsn+HLBxUGVAUFOwGpKs7LBcG4RudKU//eWzt/mQ97/NMKQxDWHyHx63UNWk/OOdihgmzoETn1tf5nQDzQ==",
      "license": "MIT",
      "funding": {
        "type": "github",
        "url": "https://github.com/sponsors/wooorm"
      }
    },
    "node_modules/supports-color": {
      "version": "7.2.0",
      "resolved": "https://registry.npmjs.org/supports-color/-/supports-color-7.2.0.tgz",
      "integrity": "sha512-qpCAvRl9stuOHveKsn7HncJRvv501qIacKzQlO/+Lwxc9+0q2wLyv4Dfvt80/DPn2pqOBsJdDiogXGR9+OvwRw==",
      "license": "MIT",
      "dependencies": {
        "has-flag": "^4.0.0"
      },
      "engines": {
        "node": ">=8"
      }
    },
    "node_modules/teeworlds": {
      "version": "2.5.11",
      "resolved": "https://registry.npmjs.org/teeworlds/-/teeworlds-2.5.11.tgz",
      "integrity": "sha512-qL5CVqhuRHYlW0MNk9jFgU+V7lZqPCbrFc02mIhngvD1CkAcxO5cBlMTEg9bqCRFwtGUcQoRCxaYF6y8blPTJA==",
      "license": "MIT"
    },
    "node_modules/trigram-utils": {
      "version": "2.0.1",
      "resolved": "https://registry.npmjs.org/trigram-utils/-/trigram-utils-2.0.1.tgz",
      "integrity": "sha512-nfWIXHEaB+HdyslAfMxSqWKDdmqY9I32jS7GnqpdWQnLH89r6A5sdk3fDVYqGAZ0CrT8ovAFSAo6HRiWcWNIGQ==",
      "license": "MIT",
      "dependencies": {
        "collapse-white-space": "^2.0.0",
        "n-gram": "^2.0.0"
      },
      "funding": {
        "type": "github",
        "url": "https://github.com/sponsors/wooorm"
      }
    }
  }
}
